
Microsoft Visual Studio Solution File, Format Version 12.00
# Visual Studio Version 17
VisualStudioVersion = 17.5.002.0
MinimumVisualStudioVersion = 10.0.40219.1
Project("{2150E333-8FDC-42A3-9474-1A3956D46DE8}") = "Lesson2", "Lesson2", "{9DE59355-2E3D-409D-A6FA-E55CFD62BC15}"
EndProject
Project("{9A19103F-16F7-4668-BE54-9A1E7A4F7556}") = "Task1", "Lesson2\Task1\Task1.csproj", "{3EA484F5-49A8-4628-90B3-1D74E4099166}"
EndProject
Project("{9A19103F-16F7-4668-BE54-9A1E7A4F7556}") = "Task2", "Lesson2\Task2\Task2.csproj", "{8E7C9F92-9729-438F-8C31-3DE68D01B0F0}"
EndProject
Project("{9A19103F-16F7-4668-BE54-9A1E7A4F7556}") = "Task3", "Lesson2\Task3\Task3.csproj", "{351F4BAF-492E-41B9-8383-4E54ECF6480C}"
EndProject
Project("{9A19103F-16F7-4668-BE54-9A1E7A4F7556}") = "Task4", "Lesson2\Task4\Task4.csproj", "{E70B31AC-916A-4007-8EE0-D194D8CBD038}"
EndProject
Global
	GlobalSection(SolutionConfigurationPlatforms) = preSolution
		Debug|Any CPU = Debug|Any CPU
		Release|Any CPU = Release|Any CPU
	EndGlobalSection
	GlobalSection(ProjectConfigurationPlatforms) = postSolution
		{3EA484F5-49A8-4628-90B3-1D74E4099166}.Debug|Any CPU.ActiveCfg = Debug|Any CPU
		{3EA484F5-49A8-4628-90B3-1D74E4099166}.Debug|Any CPU.Build.0 = Debug|Any CPU
		{3EA484F5-49A8-4628-90B3-1D74E4099166}.Release|Any CPU.ActiveCfg = Release|Any CPU
		{3EA484F5-49A8-4628-90B3-1D74E4099166}.Release|Any CPU.Build.0 = Release|Any CPU
		{8E7C9F92-9729-438F-8C31-3DE68D01B0F0}.Debug|Any CPU.ActiveCfg = Debug|Any CPU
		{8E7C9F92-9729-438F-8C31-3DE68D01B0F0}.Debug|Any CPU.Build.0 = Debug|Any CPU
		{8E7C9F92-9729-438F-8C31-3DE68D01B0F0}.Release|Any CPU.ActiveCfg = Release|Any CPU
		{8E7C9F92-9729-438F-8C31-3DE68D01B0F0}.Release|Any CPU.Build.0 = Release|Any CPU
		{351F4BAF-492E-41B9-8383-4E54ECF6480C}.Debug|Any CPU.ActiveCfg = Debug|Any CPU
		{351F4BAF-492E-41B9-8383-4E54ECF6480C}.Debug|Any CPU.Build.0 = Debug|Any CPU
		{351F4BAF-492E-41B9-8383-4E54ECF6480C}.Release|Any CPU.ActiveCfg = Release|Any CPU
		{351F4BAF-492E-41B9-8383-4E54ECF6480C}.Release|Any CPU.Build.0 = Release|Any CPU
		{E70B31AC-916A-4007-8EE0-D194D8CBD038}.Debug|Any CPU.ActiveCfg = Debug|Any CPU
		{E70B31AC-916A-4007-8EE0-D194D8CBD038}.Debug|Any CPU.Build.0 = Debug|Any CPU
		{E70B31AC-916A-4007-8EE0-D194D8CBD038}.Release|Any CPU.ActiveCfg = Release|Any CPU
		{E70B31AC-916A-4007-8EE0-D194D8CBD038}.Release|Any CPU.Build.0 = Release|Any CPU
	EndGlobalSection
	GlobalSection(SolutionProperties) = preSolution
		HideSolutionNode = FALSE
	EndGlobalSection
	GlobalSection(NestedProjects) = preSolution
		{3EA484F5-49A8-4628-90B3-1D74E4099166} = {9DE59355-2E3D-409D-A6FA-E55CFD62BC15}
		{8E7C9F92-9729-438F-8C31-3DE68D01B0F0} = {9DE59355-2E3D-409D-A6FA-E55CFD62BC15}
		{351F4BAF-492E-41B9-8383-4E54ECF6480C} = {9DE59355-2E3D-409D-A6FA-E55CFD62BC15}
		{E70B31AC-916A-4007-8EE0-D194D8CBD038} = {9DE59355-2E3D-409D-A6FA-E55CFD62BC15}
	EndGlobalSection
	GlobalSection(ExtensibilityGlobals) = postSolution
		SolutionGuid = {CC18810D-4722-4BEA-B447-3878361C824A}
	EndGlobalSection
EndGlobal
